
Microsoft Visual Studio Solution File, Format Version 12.00
# Visual Studio Version 17
VisualStudioVersion = 17.1.32421.90
MinimumVisualStudioVersion = 10.0.40219.1
Project("{FAE04EC0-301F-11D3-BF4B-00C04F79EFBC}") = "BackupRestoreSqlServer", "BackupRestoreSqlServer.csproj", "{166C24E8-50BC-44D5-8A3B-52CCBBA91184}"
EndProject
Global
	GlobalSection(SolutionConfigurationPlatforms) = preSolution
		Debug|Any CPU = Debug|Any CPU
		Release|Any CPU = Release|Any CPU
	EndGlobalSection
	GlobalSection(ProjectConfigurationPlatforms) = postSolution
		{166C24E8-50BC-44D5-8A3B-52CCBBA91184}.Debug|Any CPU.ActiveCfg = Debug|Any CPU
		{166C24E8-50BC-44D5-8A3B-52CCBBA91184}.Debug|Any CPU.Build.0 = Debug|Any CPU
		{166C24E8-50BC-44D5-8A3B-52CCBBA91184}.Release|Any CPU.ActiveCfg = Release|Any CPU
		{166C24E8-50BC-44D5-8A3B-52CCBBA91184}.Release|Any CPU.Build.0 = Release|Any CPU
	EndGlobalSection
	GlobalSection(SolutionProperties) = preSolution
		HideSolutionNode = FALSE
	EndGlobalSection
	GlobalSection(ExtensibilityGlobals) = postSolution
		SolutionGuid = {5575E210-A13A-4175-8BF9-9C4CADD7EEF5}
	EndGlobalSection
EndGlobal
